
Microsoft Visual Studio Solution File, Format Version 12.00
# Visual Studio Version 18
VisualStudioVersion = 18.2.11408.102
MinimumVisualStudioVersion = 10.0.40219.1
Project("{FAE04EC0-301F-11D3-BF4B-00C04F79EFBC}") = "BotAgendamentoAI.Admin", "BotAgendamentoAI.Admin\BotAgendamentoAI.Admin.csproj", "{BE190FD2-0FF0-4762-86DE-0CFADA914941}"
EndProject
Project("{FAE04EC0-301F-11D3-BF4B-00C04F79EFBC}") = "BotAgendamentoAI.Telegram", "BotAgendamentoAI.Telegram\BotAgendamentoAI.Telegram.csproj", "{0EE76A66-FEDA-4536-AEAA-C34D22158785}"
EndProject
Project("{FAE04EC0-301F-11D3-BF4B-00C04F79EFBC}") = "BotAgendamentoAI.Telegram.Tests", "BotAgendamentoAI.Telegram.Tests\BotAgendamentoAI.Telegram.Tests.csproj", "{D09C62CB-CEBC-413F-8290-C0F22BE3A7E7}"
EndProject
Project("{FAE04EC0-301F-11D3-BF4B-00C04F79EFBC}") = "BotAgendamentoAI.WhatsApp", "BotAgendamentoAI.WhatsApp\BotAgendamentoAI.WhatsApp.csproj", "{C320CB44-E239-4FCB-B7FD-A0E74D4E32D4}"
EndProject
Global
	GlobalSection(SolutionConfigurationPlatforms) = preSolution
		Debug|Any CPU = Debug|Any CPU
		Debug|x64 = Debug|x64
		Debug|x86 = Debug|x86
		Release|Any CPU = Release|Any CPU
		Release|x64 = Release|x64
		Release|x86 = Release|x86
	EndGlobalSection
	GlobalSection(ProjectConfigurationPlatforms) = postSolution
		{BE190FD2-0FF0-4762-86DE-0CFADA914941}.Debug|Any CPU.ActiveCfg = Debug|Any CPU
		{BE190FD2-0FF0-4762-86DE-0CFADA914941}.Debug|Any CPU.Build.0 = Debug|Any CPU
		{BE190FD2-0FF0-4762-86DE-0CFADA914941}.Debug|x64.ActiveCfg = Debug|Any CPU
		{BE190FD2-0FF0-4762-86DE-0CFADA914941}.Debug|x64.Build.0 = Debug|Any CPU
		{BE190FD2-0FF0-4762-86DE-0CFADA914941}.Debug|x86.ActiveCfg = Debug|Any CPU
		{BE190FD2-0FF0-4762-86DE-0CFADA914941}.Debug|x86.Build.0 = Debug|Any CPU
		{BE190FD2-0FF0-4762-86DE-0CFADA914941}.Release|Any CPU.ActiveCfg = Release|Any CPU
		{BE190FD2-0FF0-4762-86DE-0CFADA914941}.Release|Any CPU.Build.0 = Release|Any CPU
		{BE190FD2-0FF0-4762-86DE-0CFADA914941}.Release|x64.ActiveCfg = Release|Any CPU
		{BE190FD2-0FF0-4762-86DE-0CFADA914941}.Release|x64.Build.0 = Release|Any CPU
		{BE190FD2-0FF0-4762-86DE-0CFADA914941}.Release|x86.ActiveCfg = Release|Any CPU
		{BE190FD2-0FF0-4762-86DE-0CFADA914941}.Release|x86.Build.0 = Release|Any CPU
		{0EE76A66-FEDA-4536-AEAA-C34D22158785}.Debug|Any CPU.ActiveCfg = Debug|Any CPU
		{0EE76A66-FEDA-4536-AEAA-C34D22158785}.Debug|Any CPU.Build.0 = Debug|Any CPU
		{0EE76A66-FEDA-4536-AEAA-C34D22158785}.Debug|x64.ActiveCfg = Debug|Any CPU
		{0EE76A66-FEDA-4536-AEAA-C34D22158785}.Debug|x64.Build.0 = Debug|Any CPU
		{0EE76A66-FEDA-4536-AEAA-C34D22158785}.Debug|x86.ActiveCfg = Debug|Any CPU
		{0EE76A66-FEDA-4536-AEAA-C34D22158785}.Debug|x86.Build.0 = Debug|Any CPU
		{0EE76A66-FEDA-4536-AEAA-C34D22158785}.Release|Any CPU.ActiveCfg = Release|Any CPU
		{0EE76A66-FEDA-4536-AEAA-C34D22158785}.Release|Any CPU.Build.0 = Release|Any CPU
		{0EE76A66-FEDA-4536-AEAA-C34D22158785}.Release|x64.ActiveCfg = Release|Any CPU
		{0EE76A66-FEDA-4536-AEAA-C34D22158785}.Release|x64.Build.0 = Release|Any CPU
		{0EE76A66-FEDA-4536-AEAA-C34D22158785}.Release|x86.ActiveCfg = Release|Any CPU
		{0EE76A66-FEDA-4536-AEAA-C34D22158785}.Release|x86.Build.0 = Release|Any CPU
		{D09C62CB-CEBC-413F-8290-C0F22BE3A7E7}.Debug|Any CPU.ActiveCfg = Debug|Any CPU
		{D09C62CB-CEBC-413F-8290-C0F22BE3A7E7}.Debug|Any CPU.Build.0 = Debug|Any CPU
		{D09C62CB-CEBC-413F-8290-C0F22BE3A7E7}.Debug|x64.ActiveCfg = Debug|Any CPU
		{D09C62CB-CEBC-413F-8290-C0F22BE3A7E7}.Debug|x64.Build.0 = Debug|Any CPU
		{D09C62CB-CEBC-413F-8290-C0F22BE3A7E7}.Debug|x86.ActiveCfg = Debug|Any CPU
		{D09C62CB-CEBC-413F-8290-C0F22BE3A7E7}.Debug|x86.Build.0 = Debug|Any CPU
		{D09C62CB-CEBC-413F-8290-C0F22BE3A7E7}.Release|Any CPU.ActiveCfg = Release|Any CPU
		{D09C62CB-CEBC-413F-8290-C0F22BE3A7E7}.Release|Any CPU.Build.0 = Release|Any CPU
		{D09C62CB-CEBC-413F-8290-C0F22BE3A7E7}.Release|x64.ActiveCfg = Release|Any CPU
		{D09C62CB-CEBC-413F-8290-C0F22BE3A7E7}.Release|x64.Build.0 = Release|Any CPU
		{D09C62CB-CEBC-413F-8290-C0F22BE3A7E7}.Release|x86.ActiveCfg = Release|Any CPU
		{D09C62CB-CEBC-413F-8290-C0F22BE3A7E7}.Release|x86.Build.0 = Release|Any CPU
		{C320CB44-E239-4FCB-B7FD-A0E74D4E32D4}.Debug|Any CPU.ActiveCfg = Debug|Any CPU
		{C320CB44-E239-4FCB-B7FD-A0E74D4E32D4}.Debug|Any CPU.Build.0 = Debug|Any CPU
		{C320CB44-E239-4FCB-B7FD-A0E74D4E32D4}.Debug|x64.ActiveCfg = Debug|Any CPU
		{C320CB44-E239-4FCB-B7FD-A0E74D4E32D4}.Debug|x64.Build.0 = Debug|Any CPU
		{C320CB44-E239-4FCB-B7FD-A0E74D4E32D4}.Debug|x86.ActiveCfg = Debug|Any CPU
		{C320CB44-E239-4FCB-B7FD-A0E74D4E32D4}.Debug|x86.Build.0 = Debug|Any CPU
		{C320CB44-E239-4FCB-B7FD-A0E74D4E32D4}.Release|Any CPU.ActiveCfg = Release|Any CPU
		{C320CB44-E239-4FCB-B7FD-A0E74D4E32D4}.Release|Any CPU.Build.0 = Release|Any CPU
		{C320CB44-E239-4FCB-B7FD-A0E74D4E32D4}.Release|x64.ActiveCfg = Release|Any CPU
		{C320CB44-E239-4FCB-B7FD-A0E74D4E32D4}.Release|x64.Build.0 = Release|Any CPU
		{C320CB44-E239-4FCB-B7FD-A0E74D4E32D4}.Release|x86.ActiveCfg = Release|Any CPU
		{C320CB44-E239-4FCB-B7FD-A0E74D4E32D4}.Release|x86.Build.0 = Release|Any CPU
	EndGlobalSection
	GlobalSection(SolutionProperties) = preSolution
		HideSolutionNode = FALSE
	EndGlobalSection
	GlobalSection(ExtensibilityGlobals) = postSolution
		SolutionGuid = {752D9891-5D28-4281-B51D-77345FD29AC4}
	EndGlobalSection
EndGlobal
