
Microsoft Visual Studio Solution File, Format Version 12.00
# Visual Studio Version 17
VisualStudioVersion = 17.13.35931.197
MinimumVisualStudioVersion = 10.0.40219.1
Project("{FAE04EC0-301F-11D3-BF4B-00C04F79EFBC}") = "BotAgendamentoAI", "BotAgendamentoAI.csproj", "{F023EEA4-DB25-2A94-F059-44C2C5CFD500}"
EndProject
Project("{FAE04EC0-301F-11D3-BF4B-00C04F79EFBC}") = "BotAgendamentoAI.Admin", "BotAgendamentoAI.Admin\BotAgendamentoAI.Admin.csproj", "{BE190FD2-0FF0-4762-86DE-0CFADA914941}"
EndProject
Global
	GlobalSection(SolutionConfigurationPlatforms) = preSolution
		Debug|Any CPU = Debug|Any CPU
		Debug|x64 = Debug|x64
		Debug|x86 = Debug|x86
		Release|Any CPU = Release|Any CPU
		Release|x64 = Release|x64
		Release|x86 = Release|x86
	EndGlobalSection
	GlobalSection(ProjectConfigurationPlatforms) = postSolution
		{F023EEA4-DB25-2A94-F059-44C2C5CFD500}.Debug|Any CPU.ActiveCfg = Debug|Any CPU
		{F023EEA4-DB25-2A94-F059-44C2C5CFD500}.Debug|Any CPU.Build.0 = Debug|Any CPU
		{F023EEA4-DB25-2A94-F059-44C2C5CFD500}.Debug|x64.ActiveCfg = Debug|Any CPU
		{F023EEA4-DB25-2A94-F059-44C2C5CFD500}.Debug|x64.Build.0 = Debug|Any CPU
		{F023EEA4-DB25-2A94-F059-44C2C5CFD500}.Debug|x86.ActiveCfg = Debug|Any CPU
		{F023EEA4-DB25-2A94-F059-44C2C5CFD500}.Debug|x86.Build.0 = Debug|Any CPU
		{F023EEA4-DB25-2A94-F059-44C2C5CFD500}.Release|Any CPU.ActiveCfg = Release|Any CPU
		{F023EEA4-DB25-2A94-F059-44C2C5CFD500}.Release|Any CPU.Build.0 = Release|Any CPU
		{F023EEA4-DB25-2A94-F059-44C2C5CFD500}.Release|x64.ActiveCfg = Release|Any CPU
		{F023EEA4-DB25-2A94-F059-44C2C5CFD500}.Release|x64.Build.0 = Release|Any CPU
		{F023EEA4-DB25-2A94-F059-44C2C5CFD500}.Release|x86.ActiveCfg = Release|Any CPU
		{F023EEA4-DB25-2A94-F059-44C2C5CFD500}.Release|x86.Build.0 = Release|Any CPU
		{BE190FD2-0FF0-4762-86DE-0CFADA914941}.Debug|Any CPU.ActiveCfg = Debug|Any CPU
		{BE190FD2-0FF0-4762-86DE-0CFADA914941}.Debug|Any CPU.Build.0 = Debug|Any CPU
		{BE190FD2-0FF0-4762-86DE-0CFADA914941}.Debug|x64.ActiveCfg = Debug|Any CPU
		{BE190FD2-0FF0-4762-86DE-0CFADA914941}.Debug|x64.Build.0 = Debug|Any CPU
		{BE190FD2-0FF0-4762-86DE-0CFADA914941}.Debug|x86.ActiveCfg = Debug|Any CPU
		{BE190FD2-0FF0-4762-86DE-0CFADA914941}.Debug|x86.Build.0 = Debug|Any CPU
		{BE190FD2-0FF0-4762-86DE-0CFADA914941}.Release|Any CPU.ActiveCfg = Release|Any CPU
		{BE190FD2-0FF0-4762-86DE-0CFADA914941}.Release|Any CPU.Build.0 = Release|Any CPU
		{BE190FD2-0FF0-4762-86DE-0CFADA914941}.Release|x64.ActiveCfg = Release|Any CPU
		{BE190FD2-0FF0-4762-86DE-0CFADA914941}.Release|x64.Build.0 = Release|Any CPU
		{BE190FD2-0FF0-4762-86DE-0CFADA914941}.Release|x86.ActiveCfg = Release|Any CPU
		{BE190FD2-0FF0-4762-86DE-0CFADA914941}.Release|x86.Build.0 = Release|Any CPU
	EndGlobalSection
	GlobalSection(SolutionProperties) = preSolution
		HideSolutionNode = FALSE
	EndGlobalSection
	GlobalSection(ExtensibilityGlobals) = postSolution
		SolutionGuid = {752D9891-5D28-4281-B51D-77345FD29AC4}
	EndGlobalSection
EndGlobal
